// !$*UTF8*$!
{
	archiveVersion = 1;
	classes = {
	};
	objectVersion = 56;
	objects = {

/* Begin PBXBuildFile section */
		1E7660E82BA01A9100A5D76D /* AppDelegate.swift in Sources */ = {isa = PBXBuildFile; fileRef = 1E7660E72BA01A9100A5D76D /* AppDelegate.swift */; };
		1E7660EA2BA01A9100A5D76D /* SceneDelegate.swift in Sources */ = {isa = PBXBuildFile; fileRef = 1E7660E92BA01A9100A5D76D /* SceneDelegate.swift */; };
		1E7660EC2BA01A9100A5D76D /* ViewController.swift in Sources */ = {isa = PBXBuildFile; fileRef = 1E7660EB2BA01A9100A5D76D /* ViewController.swift */; };
		1E7660EF2BA01A9100A5D76D /* Base in Resources */ = {isa = PBXBuildFile; fileRef = 1E7660EE2BA01A9100A5D76D /* Base */; };
		1E7660F12BA01A9300A5D76D /* Assets.xcassets in Resources */ = {isa = PBXBuildFile; fileRef = 1E7660F02BA01A9300A5D76D /* Assets.xcassets */; };
		1E7660F42BA01A9300A5D76D /* Base in Resources */ = {isa = PBXBuildFile; fileRef = 1E7660F32BA01A9300A5D76D /* Base */; };
		1E7660FF2BA01A9300A5D76D /* TestAppTests.swift in Sources */ = {isa = PBXBuildFile; fileRef = 1E7660FE2BA01A9300A5D76D /* TestAppTests.swift */; };
		1E7661092BA01A9300A5D76D /* TestAppUITests.swift in Sources */ = {isa = PBXBuildFile; fileRef = 1E7661082BA01A9300A5D76D /* TestAppUITests.swift */; };
		1E76610B2BA01A9300A5D76D /* TestAppUITestsLaunchTests.swift in Sources */ = {isa = PBXBuildFile; fileRef = 1E76610A2BA01A9300A5D76D /* TestAppUITestsLaunchTests.swift */; };
		1E7661192BA01C9800A5D76D /* PostCell.swift in Sources */ = {isa = PBXBuildFile; fileRef = 1E7661172BA01C9800A5D76D /* PostCell.swift */; };
		1E76611A2BA01C9800A5D76D /* PostCell.xib in Resources */ = {isa = PBXBuildFile; fileRef = 1E7661182BA01C9800A5D76D /* PostCell.xib */; };
/* End PBXBuildFile section */

/* Begin PBXContainerItemProxy section */
		1E7660FB2BA01A9300A5D76D /* PBXContainerItemProxy */ = {
			isa = PBXContainerItemProxy;
			containerPortal = 1E7660DC2BA01A9100A5D76D /* Project object */;
			proxyType = 1;
			remoteGlobalIDString = 1E7660E32BA01A9100A5D76D;
			remoteInfo = TestApp;
		};
		1E7661052BA01A9300A5D76D /* PBXContainerItemProxy */ = {
			isa = PBXContainerItemProxy;
			containerPortal = 1E7660DC2BA01A9100A5D76D /* Project object */;
			proxyType = 1;
			remoteGlobalIDString = 1E7660E32BA01A9100A5D76D;
			remoteInfo = TestApp;
		};
/* End PBXContainerItemProxy section */

/* Begin PBXFileReference section */
		1E7660E42BA01A9100A5D76D /* TestApp.app */ = {isa = PBXFileReference; explicitFileType = wrapper.application; includeInIndex = 0; path = TestApp.app; sourceTree = BUILT_PRODUCTS_DIR; };
		1E7660E72BA01A9100A5D76D /* AppDelegate.swift */ = {isa = PBXFileReference; lastKnownFileType = sourcecode.swift; path = AppDelegate.swift; sourceTree = "<group>"; };
		1E7660E92BA01A9100A5D76D /* SceneDelegate.swift */ = {isa = PBXFileReference; lastKnownFileType = sourcecode.swift; path = SceneDelegate.swift; sourceTree = "<group>"; };
		1E7660EB2BA01A9100A5D76D /* ViewController.swift */ = {isa = PBXFileReference; lastKnownFileType = sourcecode.swift; path = ViewController.swift; sourceTree = "<group>"; };
		1E7660EE2BA01A9100A5D76D /* Base */ = {isa = PBXFileReference; lastKnownFileType = file.storyboard; name = Base; path = Base.lproj/Main.storyboard; sourceTree = "<group>"; };
		1E7660F02BA01A9300A5D76D /* Assets.xcassets */ = {isa = PBXFileReference; lastKnownFileType = folder.assetcatalog; path = Assets.xcassets; sourceTree = "<group>"; };
		1E7660F32BA01A9300A5D76D /* Base */ = {isa = PBXFileReference; lastKnownFileType = file.storyboard; name = Base; path = Base.lproj/LaunchScreen.storyboard; sourceTree = "<group>"; };
		1E7660F52BA01A9300A5D76D /* Info.plist */ = {isa = PBXFileReference; lastKnownFileType = text.plist.xml; path = Info.plist; sourceTree = "<group>"; };
		1E7660FA2BA01A9300A5D76D /* TestAppTests.xctest */ = {isa = PBXFileReference; explicitFileType = wrapper.cfbundle; includeInIndex = 0; path = TestAppTests.xctest; sourceTree = BUILT_PRODUCTS_DIR; };
		1E7660FE2BA01A9300A5D76D /* TestAppTests.swift */ = {isa = PBXFileReference; lastKnownFileType = sourcecode.swift; path = TestAppTests.swift; sourceTree = "<group>"; };
		1E7661042BA01A9300A5D76D /* TestAppUITests.xctest */ = {isa = PBXFileReference; explicitFileType = wrapper.cfbundle; includeInIndex = 0; path = TestAppUITests.xctest; sourceTree = BUILT_PRODUCTS_DIR; };
		1E7661082BA01A9300A5D76D /* TestAppUITests.swift */ = {isa = PBXFileReference; lastKnownFileType = sourcecode.swift; path = TestAppUITests.swift; sourceTree = "<group>"; };
		1E76610A2BA01A9300A5D76D /* TestAppUITestsLaunchTests.swift */ = {isa = PBXFileReference; lastKnownFileType = sourcecode.swift; path = TestAppUITestsLaunchTests.swift; sourceTree = "<group>"; };
		1E7661172BA01C9800A5D76D /* PostCell.swift */ = {isa = PBXFileReference; lastKnownFileType = sourcecode.swift; path = PostCell.swift; sourceTree = "<group>"; };
		1E7661182BA01C9800A5D76D /* PostCell.xib */ = {isa = PBXFileReference; lastKnownFileType = file.xib; path = PostCell.xib; sourceTree = "<group>"; };
/* End PBXFileReference section */

/* Begin PBXFrameworksBuildPhase section */
		1E7660E12BA01A9100A5D76D /* Frameworks */ = {
			isa = PBXFrameworksBuildPhase;
			buildActionMask = 2147483647;
			files = (
			);
			runOnlyForDeploymentPostprocessing = 0;
		};
		1E7660F72BA01A9300A5D76D /* Frameworks */ = {
			isa = PBXFrameworksBuildPhase;
			buildActionMask = 2147483647;
			files = (
			);
			runOnlyForDeploymentPostprocessing = 0;
		};
		1E7661012BA01A9300A5D76D /* Frameworks */ = {
			isa = PBXFrameworksBuildPhase;
			buildActionMask = 2147483647;
			files = (
			);
			runOnlyForDeploymentPostprocessing = 0;
		};
/* End PBXFrameworksBuildPhase section */

/* Begin PBXGroup section */
		1E7660DB2BA01A9100A5D76D = {
			isa = PBXGroup;
			children = (
				1E7660E62BA01A9100A5D76D /* TestApp */,
				1E7660FD2BA01A9300A5D76D /* TestAppTests */,
				1E7661072BA01A9300A5D76D /* TestAppUITests */,
				1E7660E52BA01A9100A5D76D /* Products */,
			);
			sourceTree = "<group>";
		};
		1E7660E52BA01A9100A5D76D /* Products */ = {
			isa = PBXGroup;
			children = (
				1E7660E42BA01A9100A5D76D /* TestApp.app */,
				1E7660FA2BA01A9300A5D76D /* TestAppTests.xctest */,
				1E7661042BA01A9300A5D76D /* TestAppUITests.xctest */,
			);
			name = Products;
			sourceTree = "<group>";
		};
		1E7660E62BA01A9100A5D76D /* TestApp */ = {
			isa = PBXGroup;
			children = (
				1E7660E72BA01A9100A5D76D /* AppDelegate.swift */,
				1E7660E92BA01A9100A5D76D /* SceneDelegate.swift */,
				1E7660EB2BA01A9100A5D76D /* ViewController.swift */,
				1E7660ED2BA01A9100A5D76D /* Main.storyboard */,
				1E7660F02BA01A9300A5D76D /* Assets.xcassets */,
				1E7660F22BA01A9300A5D76D /* LaunchScreen.storyboard */,
				1E7660F52BA01A9300A5D76D /* Info.plist */,
				1E7661172BA01C9800A5D76D /* PostCell.swift */,
				1E7661182BA01C9800A5D76D /* PostCell.xib */,
			);
			path = TestApp;
			sourceTree = "<group>";
		};
		1E7660FD2BA01A9300A5D76D /* TestAppTests */ = {
			isa = PBXGroup;
			children = (
				1E7660FE2BA01A9300A5D76D /* TestAppTests.swift */,
			);
			path = TestAppTests;
			sourceTree = "<group>";
		};
		1E7661072BA01A9300A5D76D /* TestAppUITests */ = {
			isa = PBXGroup;
			children = (
				1E7661082BA01A9300A5D76D /* TestAppUITests.swift */,
				1E76610A2BA01A9300A5D76D /* TestAppUITestsLaunchTests.swift */,
			);
			path = TestAppUITests;
			sourceTree = "<group>";
		};
/* End PBXGroup section */

/* Begin PBXNativeTarget section */
		1E7660E32BA01A9100A5D76D /* TestApp */ = {
			isa = PBXNativeTarget;
			buildConfigurationList = 1E76610E2BA01A9300A5D76D /* Build configuration list for PBXNativeTarget "TestApp" */;
			buildPhases = (
				1E7660E02BA01A9100A5D76D /* Sources */,
				1E7660E12BA01A9100A5D76D /* Frameworks */,
				1E7660E22BA01A9100A5D76D /* Resources */,
			);
			buildRules = (
			);
			dependencies = (
			);
			name = TestApp;
			productName = TestApp;
			productReference = 1E7660E42BA01A9100A5D76D /* TestApp.app */;
			productType = "com.apple.product-type.application";
		};
		1E7660F92BA01A9300A5D76D /* TestAppTests */ = {
			isa = PBXNativeTarget;
			buildConfigurationList = 1E7661112BA01A9300A5D76D /* Build configuration list for PBXNativeTarget "TestAppTests" */;
			buildPhases = (
				1E7660F62BA01A9300A5D76D /* Sources */,
				1E7660F72BA01A9300A5D76D /* Frameworks */,
				1E7660F82BA01A9300A5D76D /* Resources */,
			);
			buildRules = (
			);
			dependencies = (
				1E7660FC2BA01A9300A5D76D /* PBXTargetDependency */,
			);
			name = TestAppTests;
			productName = TestAppTests;
			productReference = 1E7660FA2BA01A9300A5D76D /* TestAppTests.xctest */;
			productType = "com.apple.product-type.bundle.unit-test";
		};
		1E7661032BA01A9300A5D76D /* TestAppUITests */ = {
			isa = PBXNativeTarget;
			buildConfigurationList = 1E7661142BA01A9300A5D76D /* Build configuration list for PBXNativeTarget "TestAppUITests" */;
			buildPhases = (
				1E7661002BA01A9300A5D76D /* Sources */,
				1E7661012BA01A9300A5D76D /* Frameworks */,
				1E7661022BA01A9300A5D76D /* Resources */,
			);
			buildRules = (
			);
			dependencies = (
				1E7661062BA01A9300A5D76D /* PBXTargetDependency */,
			);
			name = TestAppUITests;
			productName = TestAppUITests;
			productReference = 1E7661042BA01A9300A5D76D /* TestAppUITests.xctest */;
			productType = "com.apple.product-type.bundle.ui-testing";
		};
/* End PBXNativeTarget section */

/* Begin PBXProject section */
		1E7660DC2BA01A9100A5D76D /* Project object */ = {
			isa = PBXProject;
			attributes = {
				BuildIndependentTargetsInParallel = 1;
				LastSwiftUpdateCheck = 1530;
				LastUpgradeCheck = 1530;
				TargetAttributes = {
					1E7660E32BA01A9100A5D76D = {
						CreatedOnToolsVersion = 15.3;
					};
					1E7660F92BA01A9300A5D76D = {
						CreatedOnToolsVersion = 15.3;
						TestTargetID = 1E7660E32BA01A9100A5D76D;
					};
					1E7661032BA01A9300A5D76D = {
						CreatedOnToolsVersion = 15.3;
						TestTargetID = 1E7660E32BA01A9100A5D76D;
					};
				};
			};
			buildConfigurationList = 1E7660DF2BA01A9100A5D76D /* Build configuration list for PBXProject "TestApp" */;
			compatibilityVersion = "Xcode 14.0";
			developmentRegion = en;
			hasScannedForEncodings = 0;
			knownRegions = (
				en,
				Base,
			);
			mainGroup = 1E7660DB2BA01A9100A5D76D;
			productRefGroup = 1E7660E52BA01A9100A5D76D /* Products */;
			projectDirPath = "";
			projectRoot = "";
			targets = (
				1E7660E32BA01A9100A5D76D /* TestApp */,
				1E7660F92BA01A9300A5D76D /* TestAppTests */,
				1E7661032BA01A9300A5D76D /* TestAppUITests */,
			);
		};
/* End PBXProject section */

/* Begin PBXResourcesBuildPhase section */
		1E7660E22BA01A9100A5D76D /* Resources */ = {
			isa = PBXResourcesBuildPhase;
			buildActionMask = 2147483647;
			files = (
				1E7660F12BA01A9300A5D76D /* Assets.xcassets in Resources */,
				1E7660F42BA01A9300A5D76D /* Base in Resources */,
				1E7660EF2BA01A9100A5D76D /* Base in Resources */,
				1E76611A2BA01C9800A5D76D /* PostCell.xib in Resources */,
			);
			runOnlyForDeploymentPostprocessing = 0;
		};
		1E7660F82BA01A9300A5D76D /* Resources */ = {
			isa = PBXResourcesBuildPhase;
			buildActionMask = 2147483647;
			files = (
			);
			runOnlyForDeploymentPostprocessing = 0;
		};
		1E7661022BA01A9300A5D76D /* Resources */ = {
			isa = PBXResourcesBuildPhase;
			buildActionMask = 2147483647;
			files = (
			);
			runOnlyForDeploymentPostprocessing = 0;
		};
/* End PBXResourcesBuildPhase section */

/* Begin PBXSourcesBuildPhase section */
		1E7660E02BA01A9100A5D76D /* Sources */ = {
			isa = PBXSourcesBuildPhase;
			buildActionMask = 2147483647;
			files = (
				1E7660EC2BA01A9100A5D76D /* ViewController.swift in Sources */,
				1E7660E82BA01A9100A5D76D /* AppDelegate.swift in Sources */,
				1E7660EA2BA01A9100A5D76D /* SceneDelegate.swift in Sources */,
				1E7661192BA01C9800A5D76D /* PostCell.swift in Sources */,
			);
			runOnlyForDeploymentPostprocessing = 0;
		};
		1E7660F62BA01A9300A5D76D /* Sources */ = {
			isa = PBXSourcesBuildPhase;
			buildActionMask = 2147483647;
			files = (
				1E7660FF2BA01A9300A5D76D /* TestAppTests.swift in Sources */,
			);
			runOnlyForDeploymentPostprocessing = 0;
		};
		1E7661002BA01A9300A5D76D /* Sources */ = {
			isa = PBXSourcesBuildPhase;
			buildActionMask = 2147483647;
			files = (
				1E76610B2BA01A9300A5D76D /* TestAppUITestsLaunchTests.swift in Sources */,
				1E7661092BA01A9300A5D76D /* TestAppUITests.swift in Sources */,
			);
			runOnlyForDeploymentPostprocessing = 0;
		};
/* End PBXSourcesBuildPhase section */

/* Begin PBXTargetDependency section */
		1E7660FC2BA01A9300A5D76D /* PBXTargetDependency */ = {
			isa = PBXTargetDependency;
			target = 1E7660E32BA01A9100A5D76D /* TestApp */;
			targetProxy = 1E7660FB2BA01A9300A5D76D /* PBXContainerItemProxy */;
		};
		1E7661062BA01A9300A5D76D /* PBXTargetDependency */ = {
			isa = PBXTargetDependency;
			target = 1E7660E32BA01A9100A5D76D /* TestApp */;
			targetProxy = 1E7661052BA01A9300A5D76D /* PBXContainerItemProxy */;
		};
/* End PBXTargetDependency section */

/* Begin PBXVariantGroup section */
		1E7660ED2BA01A9100A5D76D /* Main.storyboard */ = {
			isa = PBXVariantGroup;
			children = (
				1E7660EE2BA01A9100A5D76D /* Base */,
			);
			name = Main.storyboard;
			sourceTree = "<group>";
		};
		1E7660F22BA01A9300A5D76D /* LaunchScreen.storyboard */ = {
			isa = PBXVariantGroup;
			children = (
				1E7660F32BA01A9300A5D76D /* Base */,
			);
			name = LaunchScreen.storyboard;
			sourceTree = "<group>";
		};
/* End PBXVariantGroup section */

/* Begin XCBuildConfiguration section */
		1E76610C2BA01A9300A5D76D /* Debug */ = {
			isa = XCBuildConfiguration;
			buildSettings = {
				ALWAYS_SEARCH_USER_PATHS = NO;
				ASSETCATALOG_COMPILER_GENERATE_SWIFT_ASSET_SYMBOL_EXTENSIONS = YES;
				CLANG_ANALYZER_NONNULL = YES;
				CLANG_ANALYZER_NUMBER_OBJECT_CONVERSION = YES_AGGRESSIVE;
				CLANG_CXX_LANGUAGE_STANDARD = "gnu++20";
				CLANG_ENABLE_MODULES = YES;
				CLANG_ENABLE_OBJC_ARC = YES;
				CLANG_ENABLE_OBJC_WEAK = YES;
				CLANG_WARN_BLOCK_CAPTURE_AUTORELEASING = YES;
				CLANG_WARN_BOOL_CONVERSION = YES;
				CLANG_WARN_COMMA = YES;
				CLANG_WARN_CONSTANT_CONVERSION = YES;
				CLANG_WARN_DEPRECATED_OBJC_IMPLEMENTATIONS = YES;
				CLANG_WARN_DIRECT_OBJC_ISA_USAGE = YES_ERROR;
				CLANG_WARN_DOCUMENTATION_COMMENTS = YES;
				CLANG_WARN_EMPTY_BODY = YES;
				CLANG_WARN_ENUM_CONVERSION = YES;
				CLANG_WARN_INFINITE_RECURSION = YES;
				CLANG_WARN_INT_CONVERSION = YES;
				CLANG_WARN_NON_LITERAL_NULL_CONVERSION = YES;
				CLANG_WARN_OBJC_IMPLICIT_RETAIN_SELF = YES;
				CLANG_WARN_OBJC_LITERAL_CONVERSION = YES;
				CLANG_WARN_OBJC_ROOT_CLASS = YES_ERROR;
				CLANG_WARN_QUOTED_INCLUDE_IN_FRAMEWORK_HEADER = YES;
				CLANG_WARN_RANGE_LOOP_ANALYSIS = YES;
				CLANG_WARN_STRICT_PROTOTYPES = YES;
				CLANG_WARN_SUSPICIOUS_MOVE = YES;
				CLANG_WARN_UNGUARDED_AVAILABILITY = YES_AGGRESSIVE;
				CLANG_WARN_UNREACHABLE_CODE = YES;
				CLANG_WARN__DUPLICATE_METHOD_MATCH = YES;
				COPY_PHASE_STRIP = NO;
				DEBUG_INFORMATION_FORMAT = dwarf;
				ENABLE_STRICT_OBJC_MSGSEND = YES;
				ENABLE_TESTABILITY = YES;
				ENABLE_USER_SCRIPT_SANDBOXING = YES;
				GCC_C_LANGUAGE_STANDARD = gnu17;
				GCC_DYNAMIC_NO_PIC = NO;
				GCC_NO_COMMON_BLOCKS = YES;
				GCC_OPTIMIZATION_LEVEL = 0;
				GCC_PREPROCESSOR_DEFINITIONS = (
					"DEBUG=1",
					"$(inherited)",
				);
				GCC_WARN_64_TO_32_BIT_CONVERSION = YES;
				GCC_WARN_ABOUT_RETURN_TYPE = YES_ERROR;
				GCC_WARN_UNDECLARED_SELECTOR = YES;
				GCC_WARN_UNINITIALIZED_AUTOS = YES_AGGRESSIVE;
				GCC_WARN_UNUSED_FUNCTION = YES;
				GCC_WARN_UNUSED_VARIABLE = YES;
				IPHONEOS_DEPLOYMENT_TARGET = 17.4;
				LOCALIZATION_PREFERS_STRING_CATALOGS = YES;
				MTL_ENABLE_DEBUG_INFO = INCLUDE_SOURCE;
				MTL_FAST_MATH = YES;
				ONLY_ACTIVE_ARCH = YES;
				SDKROOT = iphoneos;
				SWIFT_ACTIVE_COMPILATION_CONDITIONS = "DEBUG $(inherited)";
				SWIFT_OPTIMIZATION_LEVEL = "-Onone";
			};
			name = Debug;
		};
		1E76610D2BA01A9300A5D76D /* Release */ = {
			isa = XCBuildConfiguration;
			buildSettings = {
				ALWAYS_SEARCH_USER_PATHS = NO;
				ASSETCATALOG_COMPILER_GENERATE_SWIFT_ASSET_SYMBOL_EXTENSIONS = YES;
				CLANG_ANALYZER_NONNULL = YES;
				CLANG_ANALYZER_NUMBER_OBJECT_CONVERSION = YES_AGGRESSIVE;
				CLANG_CXX_LANGUAGE_STANDARD = "gnu++20";
				CLANG_ENABLE_MODULES = YES;
				CLANG_ENABLE_OBJC_ARC = YES;
				CLANG_ENABLE_OBJC_WEAK = YES;
				CLANG_WARN_BLOCK_CAPTURE_AUTORELEASING = YES;
				CLANG_WARN_BOOL_CONVERSION = YES;
				CLANG_WARN_COMMA = YES;
				CLANG_WARN_CONSTANT_CONVERSION = YES;
				CLANG_WARN_DEPRECATED_OBJC_IMPLEMENTATIONS = YES;
				CLANG_WARN_DIRECT_OBJC_ISA_USAGE = YES_ERROR;
				CLANG_WARN_DOCUMENTATION_COMMENTS = YES;
				CLANG_WARN_EMPTY_BODY = YES;
				CLANG_WARN_ENUM_CONVERSION = YES;
				CLANG_WARN_INFINITE_RECURSION = YES;
				CLANG_WARN_INT_CONVERSION = YES;
				CLANG_WARN_NON_LITERAL_NULL_CONVERSION = YES;
				CLANG_WARN_OBJC_IMPLICIT_RETAIN_SELF = YES;
				CLANG_WARN_OBJC_LITERAL_CONVERSION = YES;
				CLANG_WARN_OBJC_ROOT_CLASS = YES_ERROR;
				CLANG_WARN_QUOTED_INCLUDE_IN_FRAMEWORK_HEADER = YES;
				CLANG_WARN_RANGE_LOOP_ANALYSIS = YES;
				CLANG_WARN_STRICT_PROTOTYPES = YES;
				CLANG_WARN_SUSPICIOUS_MOVE = YES;
				CLANG_WARN_UNGUARDED_AVAILABILITY = YES_AGGRESSIVE;
				CLANG_WARN_UNREACHABLE_CODE = YES;
				CLANG_WARN__DUPLICATE_METHOD_MATCH = YES;
				COPY_PHASE_STRIP = NO;
				DEBUG_INFORMATION_FORMAT = "dwarf-with-dsym";
				ENABLE_NS_ASSERTIONS = NO;
				ENABLE_STRICT_OBJC_MSGSEND = YES;
				ENABLE_USER_SCRIPT_SANDBOXING = YES;
				GCC_C_LANGUAGE_STANDARD = gnu17;
				GCC_NO_COMMON_BLOCKS = YES;
				GCC_WARN_64_TO_32_BIT_CONVERSION = YES;
				GCC_WARN_ABOUT_RETURN_TYPE = YES_ERROR;
				GCC_WARN_UNDECLARED_SELECTOR = YES;
				GCC_WARN_UNINITIALIZED_AUTOS = YES_AGGRESSIVE;
				GCC_WARN_UNUSED_FUNCTION = YES;
				GCC_WARN_UNUSED_VARIABLE = YES;
				IPHONEOS_DEPLOYMENT_TARGET = 17.4;
				LOCALIZATION_PREFERS_STRING_CATALOGS = YES;
				MTL_ENABLE_DEBUG_INFO = NO;
				MTL_FAST_MATH = YES;
				SDKROOT = iphoneos;
				SWIFT_COMPILATION_MODE = wholemodule;
				VALIDATE_PRODUCT = YES;
			};
			name = Release;
		};
		1E76610F2BA01A9300A5D76D /* Debug */ = {
			isa = XCBuildConfiguration;
			buildSettings = {
				ASSETCATALOG_COMPILER_APPICON_NAME = AppIcon;
				ASSETCATALOG_COMPILER_GLOBAL_ACCENT_COLOR_NAME = AccentColor;
				CODE_SIGN_STYLE = Automatic;
				CURRENT_PROJECT_VERSION = 1;
				DEVELOPMENT_TEAM = RMWAG66842;
				GENERATE_INFOPLIST_FILE = YES;
				INFOPLIST_FILE = TestApp/Info.plist;
				INFOPLIST_KEY_UIApplicationSupportsIndirectInputEvents = YES;
				INFOPLIST_KEY_UILaunchStoryboardName = LaunchScreen;
				INFOPLIST_KEY_UIMainStoryboardFile = Main;
				INFOPLIST_KEY_UISupportedInterfaceOrientations_iPad = "UIInterfaceOrientationPortrait UIInterfaceOrientationPortraitUpsideDown UIInterfaceOrientationLandscapeLeft UIInterfaceOrientationLandscapeRight";
				INFOPLIST_KEY_UISupportedInterfaceOrientations_iPhone = "UIInterfaceOrientationPortrait UIInterfaceOrientationLandscapeLeft UIInterfaceOrientationLandscapeRight";
				LD_RUNPATH_SEARCH_PATHS = (
					"$(inherited)",
					"@executable_path/Frameworks",
				);
				MARKETING_VERSION = 1.0;
				PRODUCT_BUNDLE_IDENTIFIER = com.personal.TestApp;
				PRODUCT_NAME = "$(TARGET_NAME)";
				SWIFT_EMIT_LOC_STRINGS = YES;
				SWIFT_VERSION = 5.0;
				TARGETED_DEVICE_FAMILY = "1,2";
			};
			name = Debug;
		};
		1E7661102BA01A9300A5D76D /* Release */ = {
			isa = XCBuildConfiguration;
			buildSettings = {
				ASSETCATALOG_COMPILER_APPICON_NAME = AppIcon;
				ASSETCATALOG_COMPILER_GLOBAL_ACCENT_COLOR_NAME = AccentColor;
				CODE_SIGN_STYLE = Automatic;
				CURRENT_PROJECT_VERSION = 1;
				DEVELOPMENT_TEAM = RMWAG66842;
				GENERATE_INFOPLIST_FILE = YES;
				INFOPLIST_FILE = TestApp/Info.plist;
				INFOPLIST_KEY_UIApplicationSupportsIndirectInputEvents = YES;
				INFOPLIST_KEY_UILaunchStoryboardName = LaunchScreen;
				INFOPLIST_KEY_UIMainStoryboardFile = Main;
				INFOPLIST_KEY_UISupportedInterfaceOrientations_iPad = "UIInterfaceOrientationPortrait UIInterfaceOrientationPortraitUpsideDown UIInterfaceOrientationLandscapeLeft UIInterfaceOrientationLandscapeRight";
				INFOPLIST_KEY_UISupportedInterfaceOrientations_iPhone = "UIInterfaceOrientationPortrait UIInterfaceOrientationLandscapeLeft UIInterfaceOrientationLandscapeRight";
				LD_RUNPATH_SEARCH_PATHS = (
					"$(inherited)",
					"@executable_path/Frameworks",
				);
				MARKETING_VERSION = 1.0;
				PRODUCT_BUNDLE_IDENTIFIER = com.personal.TestApp;
				PRODUCT_NAME = "$(TARGET_NAME)";
				SWIFT_EMIT_LOC_STRINGS = YES;
				SWIFT_VERSION = 5.0;
				TARGETED_DEVICE_FAMILY = "1,2";
			};
			name = Release;
		};
		1E7661122BA01A9300A5D76D /* Debug */ = {
			isa = XCBuildConfiguration;
			buildSettings = {
				ALWAYS_EMBED_SWIFT_STANDARD_LIBRARIES = YES;
				BUNDLE_LOADER = "$(TEST_HOST)";
				CODE_SIGN_STYLE = Automatic;
				CURRENT_PROJECT_VERSION = 1;
				DEVELOPMENT_TEAM = RMWAG66842;
				GENERATE_INFOPLIST_FILE = YES;
				IPHONEOS_DEPLOYMENT_TARGET = 17.4;
				MARKETING_VERSION = 1.0;
				PRODUCT_BUNDLE_IDENTIFIER = com.personal.TestAppTests;
				PRODUCT_NAME = "$(TARGET_NAME)";
				SWIFT_EMIT_LOC_STRINGS = NO;
				SWIFT_VERSION = 5.0;
				TARGETED_DEVICE_FAMILY = "1,2";
				TEST_HOST = "$(BUILT_PRODUCTS_DIR)/TestApp.app/$(BUNDLE_EXECUTABLE_FOLDER_PATH)/TestApp";
			};
			name = Debug;
		};
		1E7661132BA01A9300A5D76D /* Release */ = {
			isa = XCBuildConfiguration;
			buildSettings = {
				ALWAYS_EMBED_SWIFT_STANDARD_LIBRARIES = YES;
				BUNDLE_LOADER = "$(TEST_HOST)";
				CODE_SIGN_STYLE = Automatic;
				CURRENT_PROJECT_VERSION = 1;
				DEVELOPMENT_TEAM = RMWAG66842;
				GENERATE_INFOPLIST_FILE = YES;
				IPHONEOS_DEPLOYMENT_TARGET = 17.4;
				MARKETING_VERSION = 1.0;
				PRODUCT_BUNDLE_IDENTIFIER = com.personal.TestAppTests;
				PRODUCT_NAME = "$(TARGET_NAME)";
				SWIFT_EMIT_LOC_STRINGS = NO;
				SWIFT_VERSION = 5.0;
				TARGETED_DEVICE_FAMILY = "1,2";
				TEST_HOST = "$(BUILT_PRODUCTS_DIR)/TestApp.app/$(BUNDLE_EXECUTABLE_FOLDER_PATH)/TestApp";
			};
			name = Release;
		};
		1E7661152BA01A9300A5D76D /* Debug */ = {
			isa = XCBuildConfiguration;
			buildSettings = {
				ALWAYS_EMBED_SWIFT_STANDARD_LIBRARIES = YES;
				CODE_SIGN_STYLE = Automatic;
				CURRENT_PROJECT_VERSION = 1;
				DEVELOPMENT_TEAM = RMWAG66842;
				GENERATE_INFOPLIST_FILE = YES;
				MARKETING_VERSION = 1.0;
				PRODUCT_BUNDLE_IDENTIFIER = com.personal.TestAppUITests;
				PRODUCT_NAME = "$(TARGET_NAME)";
				SWIFT_EMIT_LOC_STRINGS = NO;
				SWIFT_VERSION = 5.0;
				TARGETED_DEVICE_FAMILY = "1,2";
				TEST_TARGET_NAME = TestApp;
			};
			name = Debug;
		};
		1E7661162BA01A9300A5D76D /* Release */ = {
			isa = XCBuildConfiguration;
			buildSettings = {
				ALWAYS_EMBED_SWIFT_STANDARD_LIBRARIES = YES;
				CODE_SIGN_STYLE = Automatic;
				CURRENT_PROJECT_VERSION = 1;
				DEVELOPMENT_TEAM = RMWAG66842;
				GENERATE_INFOPLIST_FILE = YES;
				MARKETING_VERSION = 1.0;
				PRODUCT_BUNDLE_IDENTIFIER = com.personal.TestAppUITests;
				PRODUCT_NAME = "$(TARGET_NAME)";
				SWIFT_EMIT_LOC_STRINGS = NO;
				SWIFT_VERSION = 5.0;
				TARGETED_DEVICE_FAMILY = "1,2";
				TEST_TARGET_NAME = TestApp;
			};
			name = Release;
		};
/* End XCBuildConfiguration section */

/* Begin XCConfigurationList section */
		1E7660DF2BA01A9100A5D76D /* Build configuration list for PBXProject "TestApp" */ = {
			isa = XCConfigurationList;
			buildConfigurations = (
				1E76610C2BA01A9300A5D76D /* Debug */,
				1E76610D2BA01A9300A5D76D /* Release */,
			);
			defaultConfigurationIsVisible = 0;
			defaultConfigurationName = Release;
		};
		1E76610E2BA01A9300A5D76D /* Build configuration list for PBXNativeTarget "TestApp" */ = {
			isa = XCConfigurationList;
			buildConfigurations = (
				1E76610F2BA01A9300A5D76D /* Debug */,
				1E7661102BA01A9300A5D76D /* Release */,
			);
			defaultConfigurationIsVisible = 0;
			defaultConfigurationName = Release;
		};
		1E7661112BA01A9300A5D76D /* Build configuration list for PBXNativeTarget "TestAppTests" */ = {
			isa = XCConfigurationList;
			buildConfigurations = (
				1E7661122BA01A9300A5D76D /* Debug */,
				1E7661132BA01A9300A5D76D /* Release */,
			);
			defaultConfigurationIsVisible = 0;
			defaultConfigurationName = Release;
		};
		1E7661142BA01A9300A5D76D /* Build configuration list for PBXNativeTarget "TestAppUITests" */ = {
			isa = XCConfigurationList;
			buildConfigurations = (
				1E7661152BA01A9300A5D76D /* Debug */,
				1E7661162BA01A9300A5D76D /* Release */,
			);
			defaultConfigurationIsVisible = 0;
			defaultConfigurationName = Release;
		};
/* End XCConfigurationList section */
	};
	rootObject = 1E7660DC2BA01A9100A5D76D /* Project object */;
}
